lockfileVersion: '6.0'

dependencies:
  grapesjs:
    specifier: ^0.21.5
    version: 0.21.5

packages:

  /@types/backbone@1.4.15:
    resolution: {integrity: sha512-WWeKtYlsIMtDyLbbhkb96taJMEbfQBnuz7yw1u0pkphCOtksemoWhIXhK74VRCY9hbjnsH3rsJu2uUiFtnsEYg==}
    dependencies:
      '@types/jquery': 3.5.18
      '@types/underscore': 1.11.9
    dev: false

  /@types/jquery@3.5.18:
    resolution: {integrity: sha512-sNm7O6LECFhHmF+3KYo6QIl2fIbjlPYa0PDgDQwfOaEJzwpK20Eub9Ke7VKkGsSJ2K0HUR50S266qYzRX4GlSw==}
    dependencies:
      '@types/sizzle': 2.3.3
    dev: false

  /@types/sizzle@2.3.3:
    resolution: {integrity: sha512-JYM8x9EGF163bEyhdJBpR2QX1R5naCJHC8ucJylJ3w9/CVBaskdQ8WqBf8MmQrd1kRvp/a4TS8HJ+bxzR7ZJYQ==}
    dev: false

  /@types/underscore@1.11.9:
    resolution: {integrity: sha512-M63wKUdsjDFUfyFt1TCUZHGFk9KDAa5JP0adNUErbm0U45Lr06HtANdYRP+GyleEopEoZ4UyBcdAC5TnW4Uz2w==}
    dev: false

  /backbone-undo@0.2.6:
    resolution: {integrity: sha512-AsfpNiljLXlk7TcffDUu3EAUq7CxWbyTNwARWrql5XTzN4vh6WzEEBZYaKK4kTTz+iW1tSzqUooaGRIwO83kWA==}
    dependencies:
      backbone: 1.4.1
      underscore: 1.13.6
    dev: false

  /backbone@1.4.1:
    resolution: {integrity: sha512-ADy1ztN074YkWbHi8ojJVFe3vAanO/lrzMGZWUClIP7oDD/Pjy2vrASraUP+2EVCfIiTtCW4FChVow01XneivA==}
    dependencies:
      underscore: 1.13.6
    dev: false

  /codemirror-formatting@1.0.0:
    resolution: {integrity: sha512-br9yM6eJI3pJHekEnoyHaBEb1B7XxxDjju+vRyBe8QGLp5saTIXXkZ+eFCTqXSAtI8QEZDFVEX2/SOjH2sVWRQ==}
    dev: false

  /codemirror@5.65.15:
    resolution: {integrity: sha512-YC4EHbbwQeubZzxLl5G4nlbLc1T21QTrKGaOal/Pkm9dVDMZXMH7+ieSPEOZCtO9I68i8/oteJKOxzHC2zR+0g==}
    dev: false

  /grapesjs@0.21.5:
    resolution: {integrity: sha512-CKUIxWX/fmCaHVbZ4Li0pLIpYBOE4FvgKkP72+s5hLqmqhInL6oo4EnhWMszxZYlcJc5TYySo+6JwslknC+Wbw==}
    dependencies:
      '@types/backbone': 1.4.15
      backbone: 1.4.1
      backbone-undo: 0.2.6
      codemirror: 5.65.15
      codemirror-formatting: 1.0.0
      promise-polyfill: 8.3.0
      underscore: 1.13.6
    dev: false

  /promise-polyfill@8.3.0:
    resolution: {integrity: sha512-H5oELycFml5yto/atYqmjyigJoAo3+OXwolYiH7OfQuYlAqhxNvTfiNMbV9hsC6Yp83yE5r2KTVmtrG6R9i6Pg==}
    dev: false

  /underscore@1.13.6:
    resolution: {integrity: sha512-+A5Sja4HP1M08MaXya7p5LvjuM7K6q/2EaC0+iovj/wOcMsTzMvDFbasi/oSapiwOlt252IqsKqPjCl7huKS0A==}
    dev: false
